
Microsoft Visual Studio Solution File, Format Version 12.00
# Visual Studio 15
VisualStudioVersion = 15.0.27004.2005
MinimumVisualStudioVersion = 10.0.40219.1
Project("{FAE04EC0-301F-11D3-BF4B-00C04F79EFBC}") = "ArrangeTheWords", "ArrangeTheWords\ArrangeTheWords.csproj", "{A4F25372-1F23-46B3-8EA4-17A30BD0358E}"
EndProject
Global
	GlobalSection(SolutionConfigurationPlatforms) = preSolution
		Debug|Any CPU = Debug|Any CPU
		Release|Any CPU = Release|Any CPU
	EndGlobalSection
	GlobalSection(ProjectConfigurationPlatforms) = postSolution
		{A4F25372-1F23-46B3-8EA4-17A30BD0358E}.Debug|Any CPU.ActiveCfg = Debug|Any CPU
		{A4F25372-1F23-46B3-8EA4-17A30BD0358E}.Debug|Any CPU.Build.0 = Debug|Any CPU
		{A4F25372-1F23-46B3-8EA4-17A30BD0358E}.Release|Any CPU.ActiveCfg = Release|Any CPU
		{A4F25372-1F23-46B3-8EA4-17A30BD0358E}.Release|Any CPU.Build.0 = Release|Any CPU
	EndGlobalSection
	GlobalSection(SolutionProperties) = preSolution
		HideSolutionNode = FALSE
	EndGlobalSection
	GlobalSection(ExtensibilityGlobals) = postSolution
		SolutionGuid = {EBFAF235-48F0-4624-A7B8-B31FBD83C0A5}
	EndGlobalSection
EndGlobal
